PODS:
  - Alamofire (5.4.2)
  - GCDWebServer (3.5.4):
    - GCDWebServer/Core (= 3.5.4)
  - GCDWebServer/Core (3.5.4)
  - GCDWebServer/WebUploader (3.5.4):
    - GCDWebServer/Core
  - IQKeyboardManagerSwift (6.5.6)
  - KakaJSON (1.1.2)
  - Kingfisher (6.2.1)
  - MFSCache (2.0.1):
    - MFSJSONEntity
  - MFSIdentifier (1.0.2):
    - MFSCache
  - MFSJSONEntity (1.0.6)
  - MJRefresh (3.5.0)
  - Realm (10.7.2):
    - Realm/Headers (= 10.7.2)
  - Realm/Headers (10.7.2)
  - RealmSwift (10.7.2):
    - Realm (= 10.7.2)
  - RxCocoa (6.1.0):
    - RxRelay (= 6.1.0)
    - RxSwift (= 6.1.0)
  - RxRelay (6.1.0):
    - RxSwift (= 6.1.0)
  - RxSwift (6.1.0)
  - SnapKit (5.0.1)
  - TZImagePickerController (3.6.0)

DEPENDENCIES:
  - Alamofire
  - GCDWebServer
  - GCDWebServer/WebUploader
  - IQKeyboardManagerSwift
  - KakaJSON
  - Kingfisher
  - MFSIdentifier
  - MJRefresh
  - RealmSwift
  - RxCocoa
  - RxSwift
  - SnapKit
  - TZImagePickerController

SPEC REPOS:
  https://github.com/CocoaPods/Specs.git:
    - Alamofire
    - GCDWebServer
    - IQKeyboardManagerSwift
    - KakaJSON
    - Kingfisher
    - MFSCache
    - MFSIdentifier
    - MFSJSONEntity
    - MJRefresh
    - Realm
    - RealmSwift
    - RxCocoa
    - RxRelay
    - RxSwift
    - SnapKit
    - TZImagePickerController

SPEC CHECKSUMS:
  Alamofire: bfbc4c2fe5909b1d94fb4ef2277c6b3727ef5dae
  GCDWebServer: 2c156a56c8226e2d5c0c3f208a3621ccffbe3ce4
  IQKeyboardManagerSwift: c7df9d2deb356c04522f5c4b7b6e4ce4d8ed94fe
  KakaJSON: cc5ff50a8c1cfbb09413db8496cb709a209e6137
  Kingfisher: e71c6fac2aebb1262888cabc2cb13d313362a48f
  MFSCache: 76baaca48f2283669709771967caedb8d0edb4c7
  MFSIdentifier: abc345c0ae150e00856f3e3bcedcafb257e26c4b
  MFSJSONEntity: 87c9404c87cb499de26b061f3c985eb7808bef73
  MJRefresh: 6afc955813966afb08305477dd7a0d9ad5e79a16
  Realm: e523da9ade306c5ae87e85dc09fdef148d3e1cc1
  RealmSwift: 4f6758c3adbdcc87f7b7777107226532a077f61c
  RxCocoa: 5c51f02d562cbd94629f6c26cf0c80fe4ab8d343
  RxRelay: 483e1a19fad961b41f0b0c0bee506f46c1ae14fe
  RxSwift: a834e5c538e89eca0cae86f403f4fbf0336786ce
  SnapKit: 97b92857e3df3a0c71833cce143274bf6ef8e5eb
  TZImagePickerController: a37d7eec87c54436e896a67947033ad2178d498b

PODFILE CHECKSUM: f91957365d982e2306f8ee6197c0aaa55637a1ab

COCOAPODS: 1.10.1
